<Solution>
  <Configurations>
    <BuildType Name="Debug" />
    <BuildType Name="Debug_Unpackaged" />
    <BuildType Name="Release" />
    <BuildType Name="Release_Unpackaged" />
    <Platform Name="x64" />
  </Configurations>
  <Project Path="PasswordGeneratorTabo/PasswordGeneratorTabo.csproj">
    <Platform Project="x64" />
    <Deploy Solution="Debug|*" />
    <Deploy Solution="Release|*" />
  </Project>
</Solution>
